
Microsoft Visual Studio Solution File, Format Version 12.00
# Visual Studio Version 17
VisualStudioVersion = 17.11.35327.3
MinimumVisualStudioVersion = 10.0.40219.1
Project("{FAE04EC0-301F-11D3-BF4B-00C04F79EFBC}") = "budgetpilot.API", "budgetpilot.API\budgetpilot.API.csproj", "{FDB874EF-B290-4372-8DC5-9A9E4E8F08A7}"
EndProject
Project("{FAE04EC0-301F-11D3-BF4B-00C04F79EFBC}") = "budgetpilot.Infrastructure", "budgetpilot.Infrastructure\budgetpilot.Infrastructure.csproj", "{C9B2AA33-0C92-471B-A219-111232F32D17}"
EndProject
Project("{FAE04EC0-301F-11D3-BF4B-00C04F79EFBC}") = "budgetpilot.Core", "budgetpilot.Core\budgetpilot.Core.csproj", "{BFB7B0B4-BF6A-4730-B1B2-118BED59ACBB}"
EndProject
Global
	GlobalSection(SolutionConfigurationPlatforms) = preSolution
		Debug|Any CPU = Debug|Any CPU
		Release|Any CPU = Release|Any CPU
	EndGlobalSection
	GlobalSection(ProjectConfigurationPlatforms) = postSolution
		{FDB874EF-B290-4372-8DC5-9A9E4E8F08A7}.Debug|Any CPU.ActiveCfg = Debug|Any CPU
		{FDB874EF-B290-4372-8DC5-9A9E4E8F08A7}.Debug|Any CPU.Build.0 = Debug|Any CPU
		{FDB874EF-B290-4372-8DC5-9A9E4E8F08A7}.Release|Any CPU.ActiveCfg = Release|Any CPU
		{FDB874EF-B290-4372-8DC5-9A9E4E8F08A7}.Release|Any CPU.Build.0 = Release|Any CPU
		{C9B2AA33-0C92-471B-A219-111232F32D17}.Debug|Any CPU.ActiveCfg = Debug|Any CPU
		{C9B2AA33-0C92-471B-A219-111232F32D17}.Debug|Any CPU.Build.0 = Debug|Any CPU
		{C9B2AA33-0C92-471B-A219-111232F32D17}.Release|Any CPU.ActiveCfg = Release|Any CPU
		{C9B2AA33-0C92-471B-A219-111232F32D17}.Release|Any CPU.Build.0 = Release|Any CPU
		{BFB7B0B4-BF6A-4730-B1B2-118BED59ACBB}.Debug|Any CPU.ActiveCfg = Debug|Any CPU
		{BFB7B0B4-BF6A-4730-B1B2-118BED59ACBB}.Debug|Any CPU.Build.0 = Debug|Any CPU
		{BFB7B0B4-BF6A-4730-B1B2-118BED59ACBB}.Release|Any CPU.ActiveCfg = Release|Any CPU
		{BFB7B0B4-BF6A-4730-B1B2-118BED59ACBB}.Release|Any CPU.Build.0 = Release|Any CPU
	EndGlobalSection
	GlobalSection(SolutionProperties) = preSolution
		HideSolutionNode = FALSE
	EndGlobalSection
	GlobalSection(ExtensibilityGlobals) = postSolution
		SolutionGuid = {766CF0F6-C220-4151-BE07-3DA0B52F61BD}
	EndGlobalSection
EndGlobal
